{
  "name": "quit",
  "version": "1.0.0",
  "lockfileVersion": 1,
  "requires": true,
  "dependencies": {
    "lin-ui": {
      "version": "0.9.4",
      "resolved": "https://registry.npm.taobao.org/lin-ui/download/lin-ui-0.9.4.tgz",
      "integrity": "sha1-PzSWGAmqF11Jwy5CRPt9saRkGcw="
    },
    "moment": {
      "version": "2.29.1",
      "resolved": "https://registry.npmjs.org/moment/-/moment-2.29.1.tgz",
      "integrity": "sha512-kHmoybcPV8Sqy59DwNDY3Jefr64lK/by/da0ViFcuA4DH0vQg5Q6Ze5VimxkfQNSC+Mls/Kx53s7TjP1RhFEDQ=="
    }
  }
}
